
Microsoft Visual Studio Solution File, Format Version 12.00
# Visual Studio 15
VisualStudioVersion = 15.0.28307.168
MinimumVisualStudioVersion = 10.0.40219.1
Project("{8BC9CEB8-8B4A-11D0-8D11-00A0C91BC942}") = "Lab11", "Lab11\Lab11.vcxproj", "{61F7285F-2315-4C12-8544-294A12C554BE}"
EndProject
Global
	GlobalSection(SolutionConfigurationPlatforms) = preSolution
		Debug|x64 = Debug|x64
		Debug|x86 = Debug|x86
		Release|x64 = Release|x64
		Release|x86 = Release|x86
	EndGlobalSection
	GlobalSection(ProjectConfigurationPlatforms) = postSolution
		{61F7285F-2315-4C12-8544-294A12C554BE}.Debug|x64.ActiveCfg = Debug|x64
		{61F7285F-2315-4C12-8544-294A12C554BE}.Debug|x64.Build.0 = Debug|x64
		{61F7285F-2315-4C12-8544-294A12C554BE}.Debug|x86.ActiveCfg = Debug|Win32
		{61F7285F-2315-4C12-8544-294A12C554BE}.Debug|x86.Build.0 = Debug|Win32
		{61F7285F-2315-4C12-8544-294A12C554BE}.Release|x64.ActiveCfg = Release|x64
		{61F7285F-2315-4C12-8544-294A12C554BE}.Release|x64.Build.0 = Release|x64
		{61F7285F-2315-4C12-8544-294A12C554BE}.Release|x86.ActiveCfg = Release|Win32
		{61F7285F-2315-4C12-8544-294A12C554BE}.Release|x86.Build.0 = Release|Win32
	EndGlobalSection
	GlobalSection(SolutionProperties) = preSolution
		HideSolutionNode = FALSE
	EndGlobalSection
	GlobalSection(ExtensibilityGlobals) = postSolution
		SolutionGuid = {7E08B3FF-3126-404C-8C3F-F9C5BBCA00AA}
	EndGlobalSection
EndGlobal
